// !$*UTF8*$!
{
	archiveVersion = 1;
	classes = {
	};
	objectVersion = 56;
	objects = {

/* Begin PBXBuildFile section */
		6C4DB9AC2B8CB394003B2F21 /* FirebaseAuth in Frameworks */ = {isa = PBXBuildFile; productRef = 6C4DB9AB2B8CB394003B2F21 /* FirebaseAuth */; };
		6C4DB9B82B8CB394003B2F21 /* FirebaseFirestore in Frameworks */ = {isa = PBXBuildFile; productRef = 6C4DB9B72B8CB394003B2F21 /* FirebaseFirestore */; };
		6C4DB9D82B8CCC7D003B2F21 /* GoogleService-Info.plist in Resources */ = {isa = PBXBuildFile; fileRef = 6C4DB9D72B8CCC7D003B2F21 /* GoogleService-Info.plist */; };
		6C4DB9DA2B8CFD21003B2F21 /* Message.swift in Sources */ = {isa = PBXBuildFile; fileRef = 6C4DB9D92B8CFD21003B2F21 /* Message.swift */; };
		6C4DB9DD2B8D0007003B2F21 /* MessageCell.swift in Sources */ = {isa = PBXBuildFile; fileRef = 6C4DB9DB2B8D0007003B2F21 /* MessageCell.swift */; };
		6C4DB9DE2B8D0007003B2F21 /* MessageCell.xib in Resources */ = {isa = PBXBuildFile; fileRef = 6C4DB9DC2B8D0007003B2F21 /* MessageCell.xib */; };
		6C4DB9E02B9213E5003B2F21 /* Contants.swift in Sources */ = {isa = PBXBuildFile; fileRef = 6C4DB9DF2B9213E5003B2F21 /* Contants.swift */; };
		6C7646872B76700000F68C51 /* AppDelegate.swift in Sources */ = {isa = PBXBuildFile; fileRef = 6C7646862B76700000F68C51 /* AppDelegate.swift */; };
		6C7646892B76700000F68C51 /* SceneDelegate.swift in Sources */ = {isa = PBXBuildFile; fileRef = 6C7646882B76700000F68C51 /* SceneDelegate.swift */; };
		6C76468B2B76700000F68C51 /* LoginViewController.swift in Sources */ = {isa = PBXBuildFile; fileRef = 6C76468A2B76700000F68C51 /* LoginViewController.swift */; };
		6C76468E2B76700000F68C51 /* Main.storyboard in Resources */ = {isa = PBXBuildFile; fileRef = 6C76468C2B76700000F68C51 /* Main.storyboard */; };
		6C7646902B76700300F68C51 /* Assets.xcassets in Resources */ = {isa = PBXBuildFile; fileRef = 6C76468F2B76700300F68C51 /* Assets.xcassets */; };
		6C7646932B76700300F68C51 /* LaunchScreen.storyboard in Resources */ = {isa = PBXBuildFile; fileRef = 6C7646912B76700300F68C51 /* LaunchScreen.storyboard */; };
		6C7862F82B8A5B2600D29A19 /* SignupViewController.swift in Sources */ = {isa = PBXBuildFile; fileRef = 6C7862F72B8A5B2600D29A19 /* SignupViewController.swift */; };
		6C7862FA2B8A5B6F00D29A19 /* ChatViewController.swift in Sources */ = {isa = PBXBuildFile; fileRef = 6C7862F92B8A5B6F00D29A19 /* ChatViewController.swift */; };
/* End PBXBuildFile section */

/* Begin PBXFileReference section */
		6C4DB9D72B8CCC7D003B2F21 /* GoogleService-Info.plist */ = {isa = PBXFileReference; fileEncoding = 4; lastKnownFileType = text.plist.xml; path = "GoogleService-Info.plist"; sourceTree = "<group>"; };
		6C4DB9D92B8CFD21003B2F21 /* Message.swift */ = {isa = PBXFileReference; lastKnownFileType = sourcecode.swift; path = Message.swift; sourceTree = "<group>"; };
		6C4DB9DB2B8D0007003B2F21 /* MessageCell.swift */ = {isa = PBXFileReference; lastKnownFileType = sourcecode.swift; path = MessageCell.swift; sourceTree = "<group>"; };
		6C4DB9DC2B8D0007003B2F21 /* MessageCell.xib */ = {isa = PBXFileReference; lastKnownFileType = file.xib; path = MessageCell.xib; sourceTree = "<group>"; };
		6C4DB9DF2B9213E5003B2F21 /* Contants.swift */ = {isa = PBXFileReference; lastKnownFileType = sourcecode.swift; path = Contants.swift; sourceTree = "<group>"; };
		6C7646832B76700000F68C51 /* chatWithMe.app */ = {isa = PBXFileReference; explicitFileType = wrapper.application; includeInIndex = 0; path = chatWithMe.app; sourceTree = BUILT_PRODUCTS_DIR; };
		6C7646862B76700000F68C51 /* AppDelegate.swift */ = {isa = PBXFileReference; lastKnownFileType = sourcecode.swift; path = AppDelegate.swift; sourceTree = "<group>"; };
		6C7646882B76700000F68C51 /* SceneDelegate.swift */ = {isa = PBXFileReference; lastKnownFileType = sourcecode.swift; path = SceneDelegate.swift; sourceTree = "<group>"; };
		6C76468A2B76700000F68C51 /* LoginViewController.swift */ = {isa = PBXFileReference; lastKnownFileType = sourcecode.swift; path = LoginViewController.swift; sourceTree = "<group>"; };
		6C76468D2B76700000F68C51 /* Base */ = {isa = PBXFileReference; lastKnownFileType = file.storyboard; name = Base; path = Base.lproj/Main.storyboard; sourceTree = "<group>"; };
		6C76468F2B76700300F68C51 /* Assets.xcassets */ = {isa = PBXFileReference; lastKnownFileType = folder.assetcatalog; path = Assets.xcassets; sourceTree = "<group>"; };
		6C7646922B76700300F68C51 /* Base */ = {isa = PBXFileReference; lastKnownFileType = file.storyboard; name = Base; path = Base.lproj/LaunchScreen.storyboard; sourceTree = "<group>"; };
		6C7646942B76700300F68C51 /* Info.plist */ = {isa = PBXFileReference; lastKnownFileType = text.plist.xml; path = Info.plist; sourceTree = "<group>"; };
		6C7862F72B8A5B2600D29A19 /* SignupViewController.swift */ = {isa = PBXFileReference; lastKnownFileType = sourcecode.swift; path = SignupViewController.swift; sourceTree = "<group>"; };
		6C7862F92B8A5B6F00D29A19 /* ChatViewController.swift */ = {isa = PBXFileReference; lastKnownFileType = sourcecode.swift; path = ChatViewController.swift; sourceTree = "<group>"; };
/* End PBXFileReference section */

/* Begin PBXFrameworksBuildPhase section */
		6C7646802B76700000F68C51 /* Frameworks */ = {
			isa = PBXFrameworksBuildPhase;
			buildActionMask = 2147483647;
			files = (
				6C4DB9B82B8CB394003B2F21 /* FirebaseFirestore in Frameworks */,
				6C4DB9AC2B8CB394003B2F21 /* FirebaseAuth in Frameworks */,
			);
			runOnlyForDeploymentPostprocessing = 0;
		};
/* End PBXFrameworksBuildPhase section */

/* Begin PBXGroup section */
		6C76467A2B76700000F68C51 = {
			isa = PBXGroup;
			children = (
				6C7646852B76700000F68C51 /* chatWithMe */,
				6C7646842B76700000F68C51 /* Products */,
			);
			sourceTree = "<group>";
		};
		6C7646842B76700000F68C51 /* Products */ = {
			isa = PBXGroup;
			children = (
				6C7646832B76700000F68C51 /* chatWithMe.app */,
			);
			name = Products;
			sourceTree = "<group>";
		};
		6C7646852B76700000F68C51 /* chatWithMe */ = {
			isa = PBXGroup;
			children = (
				6C7646862B76700000F68C51 /* AppDelegate.swift */,
				6C7646882B76700000F68C51 /* SceneDelegate.swift */,
				6C76469D2B7670EE00F68C51 /* Module */,
				6C76469B2B76707B00F68C51 /* Controller */,
				6C76469C2B7670E100F68C51 /* Views */,
				6C76468F2B76700300F68C51 /* Assets.xcassets */,
				6C7646912B76700300F68C51 /* LaunchScreen.storyboard */,
				6C7646942B76700300F68C51 /* Info.plist */,
				6C4DB9D72B8CCC7D003B2F21 /* GoogleService-Info.plist */,
				6C4DB9DF2B9213E5003B2F21 /* Contants.swift */,
			);
			path = chatWithMe;
			sourceTree = "<group>";
		};
		6C76469B2B76707B00F68C51 /* Controller */ = {
			isa = PBXGroup;
			children = (
				6C76468A2B76700000F68C51 /* LoginViewController.swift */,
				6C7862F72B8A5B2600D29A19 /* SignupViewController.swift */,
				6C7862F92B8A5B6F00D29A19 /* ChatViewController.swift */,
			);
			path = Controller;
			sourceTree = "<group>";
		};
		6C76469C2B7670E100F68C51 /* Views */ = {
			isa = PBXGroup;
			children = (
				6C76468C2B76700000F68C51 /* Main.storyboard */,
				6C4DB9DB2B8D0007003B2F21 /* MessageCell.swift */,
				6C4DB9DC2B8D0007003B2F21 /* MessageCell.xib */,
			);
			path = Views;
			sourceTree = "<group>";
		};
		6C76469D2B7670EE00F68C51 /* Module */ = {
			isa = PBXGroup;
			children = (
				6C4DB9D92B8CFD21003B2F21 /* Message.swift */,
			);
			path = Module;
			sourceTree = "<group>";
		};
/* End PBXGroup section */

/* Begin PBXNativeTarget section */
		6C7646822B76700000F68C51 /* chatWithMe */ = {
			isa = PBXNativeTarget;
			buildConfigurationList = 6C7646972B76700300F68C51 /* Build configuration list for PBXNativeTarget "chatWithMe" */;
			buildPhases = (
				6C76467F2B76700000F68C51 /* Sources */,
				6C7646802B76700000F68C51 /* Frameworks */,
				6C7646812B76700000F68C51 /* Resources */,
			);
			buildRules = (
			);
			dependencies = (
			);
			name = chatWithMe;
			packageProductDependencies = (
				6C4DB9AB2B8CB394003B2F21 /* FirebaseAuth */,
				6C4DB9B72B8CB394003B2F21 /* FirebaseFirestore */,
			);
			productName = chatWithMe;
			productReference = 6C7646832B76700000F68C51 /* chatWithMe.app */;
			productType = "com.apple.product-type.application";
		};
/* End PBXNativeTarget section */

/* Begin PBXProject section */
		6C76467B2B76700000F68C51 /* Project object */ = {
			isa = PBXProject;
			attributes = {
				BuildIndependentTargetsInParallel = 1;
				LastSwiftUpdateCheck = 1510;
				LastUpgradeCheck = 1510;
				TargetAttributes = {
					6C7646822B76700000F68C51 = {
						CreatedOnToolsVersion = 15.1;
					};
				};
			};
			buildConfigurationList = 6C76467E2B76700000F68C51 /* Build configuration list for PBXProject "chatWithMe" */;
			compatibilityVersion = "Xcode 14.0";
			developmentRegion = en;
			hasScannedForEncodings = 0;
			knownRegions = (
				en,
				Base,
			);
			mainGroup = 6C76467A2B76700000F68C51;
			packageReferences = (
				6C4DB99E2B8CB393003B2F21 /* XCRemoteSwiftPackageReference "firebase-ios-sdk" */,
			);
			productRefGroup = 6C7646842B76700000F68C51 /* Products */;
			projectDirPath = "";
			projectRoot = "";
			targets = (
				6C7646822B76700000F68C51 /* chatWithMe */,
			);
		};
/* End PBXProject section */

/* Begin PBXResourcesBuildPhase section */
		6C7646812B76700000F68C51 /* Resources */ = {
			isa = PBXResourcesBuildPhase;
			buildActionMask = 2147483647;
			files = (
				6C4DB9DE2B8D0007003B2F21 /* MessageCell.xib in Resources */,
				6C7646932B76700300F68C51 /* LaunchScreen.storyboard in Resources */,
				6C4DB9D82B8CCC7D003B2F21 /* GoogleService-Info.plist in Resources */,
				6C7646902B76700300F68C51 /* Assets.xcassets in Resources */,
				6C76468E2B76700000F68C51 /* Main.storyboard in Resources */,
			);
			runOnlyForDeploymentPostprocessing = 0;
		};
/* End PBXResourcesBuildPhase section */

/* Begin PBXSourcesBuildPhase section */
		6C76467F2B76700000F68C51 /* Sources */ = {
			isa = PBXSourcesBuildPhase;
			buildActionMask = 2147483647;
			files = (
				6C76468B2B76700000F68C51 /* LoginViewController.swift in Sources */,
				6C7646872B76700000F68C51 /* AppDelegate.swift in Sources */,
				6C7862F82B8A5B2600D29A19 /* SignupViewController.swift in Sources */,
				6C4DB9E02B9213E5003B2F21 /* Contants.swift in Sources */,
				6C4DB9DA2B8CFD21003B2F21 /* Message.swift in Sources */,
				6C7862FA2B8A5B6F00D29A19 /* ChatViewController.swift in Sources */,
				6C7646892B76700000F68C51 /* SceneDelegate.swift in Sources */,
				6C4DB9DD2B8D0007003B2F21 /* MessageCell.swift in Sources */,
			);
			runOnlyForDeploymentPostprocessing = 0;
		};
/* End PBXSourcesBuildPhase section */

/* Begin PBXVariantGroup section */
		6C76468C2B76700000F68C51 /* Main.storyboard */ = {
			isa = PBXVariantGroup;
			children = (
				6C76468D2B76700000F68C51 /* Base */,
			);
			name = Main.storyboard;
			sourceTree = "<group>";
		};
		6C7646912B76700300F68C51 /* LaunchScreen.storyboard */ = {
			isa = PBXVariantGroup;
			children = (
				6C7646922B76700300F68C51 /* Base */,
			);
			name = LaunchScreen.storyboard;
			sourceTree = "<group>";
		};
/* End PBXVariantGroup section */

/* Begin XCBuildConfiguration section */
		6C7646952B76700300F68C51 /* Debug */ = {
			isa = XCBuildConfiguration;
			buildSettings = {
				ALWAYS_SEARCH_USER_PATHS = NO;
				ASSETCATALOG_COMPILER_GENERATE_SWIFT_ASSET_SYMBOL_EXTENSIONS = YES;
				CLANG_ANALYZER_NONNULL = YES;
				CLANG_ANALYZER_NUMBER_OBJECT_CONVERSION = YES_AGGRESSIVE;
				CLANG_CXX_LANGUAGE_STANDARD = "gnu++20";
				CLANG_ENABLE_MODULES = YES;
				CLANG_ENABLE_OBJC_ARC = YES;
				CLANG_ENABLE_OBJC_WEAK = YES;
				CLANG_WARN_BLOCK_CAPTURE_AUTORELEASING = YES;
				CLANG_WARN_BOOL_CONVERSION = YES;
				CLANG_WARN_COMMA = YES;
				CLANG_WARN_CONSTANT_CONVERSION = YES;
				CLANG_WARN_DEPRECATED_OBJC_IMPLEMENTATIONS = YES;
				CLANG_WARN_DIRECT_OBJC_ISA_USAGE = YES_ERROR;
				CLANG_WARN_DOCUMENTATION_COMMENTS = YES;
				CLANG_WARN_EMPTY_BODY = YES;
				CLANG_WARN_ENUM_CONVERSION = YES;
				CLANG_WARN_INFINITE_RECURSION = YES;
				CLANG_WARN_INT_CONVERSION = YES;
				CLANG_WARN_NON_LITERAL_NULL_CONVERSION = YES;
				CLANG_WARN_OBJC_IMPLICIT_RETAIN_SELF = YES;
				CLANG_WARN_OBJC_LITERAL_CONVERSION = YES;
				CLANG_WARN_OBJC_ROOT_CLASS = YES_ERROR;
				CLANG_WARN_QUOTED_INCLUDE_IN_FRAMEWORK_HEADER = YES;
				CLANG_WARN_RANGE_LOOP_ANALYSIS = YES;
				CLANG_WARN_STRICT_PROTOTYPES = YES;
				CLANG_WARN_SUSPICIOUS_MOVE = YES;
				CLANG_WARN_UNGUARDED_AVAILABILITY = YES_AGGRESSIVE;
				CLANG_WARN_UNREACHABLE_CODE = YES;
				CLANG_WARN__DUPLICATE_METHOD_MATCH = YES;
				COPY_PHASE_STRIP = NO;
				DEBUG_INFORMATION_FORMAT = dwarf;
				ENABLE_STRICT_OBJC_MSGSEND = YES;
				ENABLE_TESTABILITY = YES;
				ENABLE_USER_SCRIPT_SANDBOXING = YES;
				GCC_C_LANGUAGE_STANDARD = gnu17;
				GCC_DYNAMIC_NO_PIC = NO;
				GCC_NO_COMMON_BLOCKS = YES;
				GCC_OPTIMIZATION_LEVEL = 0;
				GCC_PREPROCESSOR_DEFINITIONS = (
					"DEBUG=1",
					"$(inherited)",
				);
				GCC_WARN_64_TO_32_BIT_CONVERSION = YES;
				GCC_WARN_ABOUT_RETURN_TYPE = YES_ERROR;
				GCC_WARN_UNDECLARED_SELECTOR = YES;
				GCC_WARN_UNINITIALIZED_AUTOS = YES_AGGRESSIVE;
				GCC_WARN_UNUSED_FUNCTION = YES;
				GCC_WARN_UNUSED_VARIABLE = YES;
				IPHONEOS_DEPLOYMENT_TARGET = 17.2;
				LOCALIZATION_PREFERS_STRING_CATALOGS = YES;
				MTL_ENABLE_DEBUG_INFO = INCLUDE_SOURCE;
				MTL_FAST_MATH = YES;
				ONLY_ACTIVE_ARCH = YES;
				SDKROOT = iphoneos;
				SWIFT_ACTIVE_COMPILATION_CONDITIONS = "DEBUG $(inherited)";
				SWIFT_OPTIMIZATION_LEVEL = "-Onone";
			};
			name = Debug;
		};
		6C7646962B76700300F68C51 /* Release */ = {
			isa = XCBuildConfiguration;
			buildSettings = {
				ALWAYS_SEARCH_USER_PATHS = NO;
				ASSETCATALOG_COMPILER_GENERATE_SWIFT_ASSET_SYMBOL_EXTENSIONS = YES;
				CLANG_ANALYZER_NONNULL = YES;
				CLANG_ANALYZER_NUMBER_OBJECT_CONVERSION = YES_AGGRESSIVE;
				CLANG_CXX_LANGUAGE_STANDARD = "gnu++20";
				CLANG_ENABLE_MODULES = YES;
				CLANG_ENABLE_OBJC_ARC = YES;
				CLANG_ENABLE_OBJC_WEAK = YES;
				CLANG_WARN_BLOCK_CAPTURE_AUTORELEASING = YES;
				CLANG_WARN_BOOL_CONVERSION = YES;
				CLANG_WARN_COMMA = YES;
				CLANG_WARN_CONSTANT_CONVERSION = YES;
				CLANG_WARN_DEPRECATED_OBJC_IMPLEMENTATIONS = YES;
				CLANG_WARN_DIRECT_OBJC_ISA_USAGE = YES_ERROR;
				CLANG_WARN_DOCUMENTATION_COMMENTS = YES;
				CLANG_WARN_EMPTY_BODY = YES;
				CLANG_WARN_ENUM_CONVERSION = YES;
				CLANG_WARN_INFINITE_RECURSION = YES;
				CLANG_WARN_INT_CONVERSION = YES;
				CLANG_WARN_NON_LITERAL_NULL_CONVERSION = YES;
				CLANG_WARN_OBJC_IMPLICIT_RETAIN_SELF = YES;
				CLANG_WARN_OBJC_LITERAL_CONVERSION = YES;
				CLANG_WARN_OBJC_ROOT_CLASS = YES_ERROR;
				CLANG_WARN_QUOTED_INCLUDE_IN_FRAMEWORK_HEADER = YES;
				CLANG_WARN_RANGE_LOOP_ANALYSIS = YES;
				CLANG_WARN_STRICT_PROTOTYPES = YES;
				CLANG_WARN_SUSPICIOUS_MOVE = YES;
				CLANG_WARN_UNGUARDED_AVAILABILITY = YES_AGGRESSIVE;
				CLANG_WARN_UNREACHABLE_CODE = YES;
				CLANG_WARN__DUPLICATE_METHOD_MATCH = YES;
				COPY_PHASE_STRIP = NO;
				DEBUG_INFORMATION_FORMAT = "dwarf-with-dsym";
				ENABLE_NS_ASSERTIONS = NO;
				ENABLE_STRICT_OBJC_MSGSEND = YES;
				ENABLE_USER_SCRIPT_SANDBOXING = YES;
				GCC_C_LANGUAGE_STANDARD = gnu17;
				GCC_NO_COMMON_BLOCKS = YES;
				GCC_WARN_64_TO_32_BIT_CONVERSION = YES;
				GCC_WARN_ABOUT_RETURN_TYPE = YES_ERROR;
				GCC_WARN_UNDECLARED_SELECTOR = YES;
				GCC_WARN_UNINITIALIZED_AUTOS = YES_AGGRESSIVE;
				GCC_WARN_UNUSED_FUNCTION = YES;
				GCC_WARN_UNUSED_VARIABLE = YES;
				IPHONEOS_DEPLOYMENT_TARGET = 17.2;
				LOCALIZATION_PREFERS_STRING_CATALOGS = YES;
				MTL_ENABLE_DEBUG_INFO = NO;
				MTL_FAST_MATH = YES;
				SDKROOT = iphoneos;
				SWIFT_COMPILATION_MODE = wholemodule;
				VALIDATE_PRODUCT = YES;
			};
			name = Release;
		};
		6C7646982B76700300F68C51 /* Debug */ = {
			isa = XCBuildConfiguration;
			buildSettings = {
				ASSETCATALOG_COMPILER_APPICON_NAME = AppIcon;
				ASSETCATALOG_COMPILER_GLOBAL_ACCENT_COLOR_NAME = AccentColor;
				CODE_SIGN_STYLE = Automatic;
				CURRENT_PROJECT_VERSION = 1;
				DEVELOPMENT_TEAM = M7XNWVGH52;
				GENERATE_INFOPLIST_FILE = YES;
				INFOPLIST_FILE = chatWithMe/Info.plist;
				INFOPLIST_KEY_UIApplicationSupportsIndirectInputEvents = YES;
				INFOPLIST_KEY_UILaunchStoryboardName = LaunchScreen;
				INFOPLIST_KEY_UIMainStoryboardFile = Main;
				INFOPLIST_KEY_UISupportedInterfaceOrientations_iPad = "UIInterfaceOrientationPortrait UIInterfaceOrientationPortraitUpsideDown UIInterfaceOrientationLandscapeLeft UIInterfaceOrientationLandscapeRight";
				INFOPLIST_KEY_UISupportedInterfaceOrientations_iPhone = "UIInterfaceOrientationPortrait UIInterfaceOrientationLandscapeLeft UIInterfaceOrientationLandscapeRight";
				IPHONEOS_DEPLOYMENT_TARGET = 14.0;
				LD_RUNPATH_SEARCH_PATHS = (
					"$(inherited)",
					"@executable_path/Frameworks",
				);
				MARKETING_VERSION = 1.0;
				PRODUCT_BUNDLE_IDENTIFIER = com.Rishav.chatWithMe;
				PRODUCT_NAME = "$(TARGET_NAME)";
				SWIFT_EMIT_LOC_STRINGS = YES;
				SWIFT_VERSION = 5.0;
				TARGETED_DEVICE_FAMILY = "1,2";
			};
			name = Debug;
		};
		6C7646992B76700300F68C51 /* Release */ = {
			isa = XCBuildConfiguration;
			buildSettings = {
				ASSETCATALOG_COMPILER_APPICON_NAME = AppIcon;
				ASSETCATALOG_COMPILER_GLOBAL_ACCENT_COLOR_NAME = AccentColor;
				CODE_SIGN_STYLE = Automatic;
				CURRENT_PROJECT_VERSION = 1;
				DEVELOPMENT_TEAM = M7XNWVGH52;
				GENERATE_INFOPLIST_FILE = YES;
				INFOPLIST_FILE = chatWithMe/Info.plist;
				INFOPLIST_KEY_UIApplicationSupportsIndirectInputEvents = YES;
				INFOPLIST_KEY_UILaunchStoryboardName = LaunchScreen;
				INFOPLIST_KEY_UIMainStoryboardFile = Main;
				INFOPLIST_KEY_UISupportedInterfaceOrientations_iPad = "UIInterfaceOrientationPortrait UIInterfaceOrientationPortraitUpsideDown UIInterfaceOrientationLandscapeLeft UIInterfaceOrientationLandscapeRight";
				INFOPLIST_KEY_UISupportedInterfaceOrientations_iPhone = "UIInterfaceOrientationPortrait UIInterfaceOrientationLandscapeLeft UIInterfaceOrientationLandscapeRight";
				IPHONEOS_DEPLOYMENT_TARGET = 14.0;
				LD_RUNPATH_SEARCH_PATHS = (
					"$(inherited)",
					"@executable_path/Frameworks",
				);
				MARKETING_VERSION = 1.0;
				PRODUCT_BUNDLE_IDENTIFIER = com.Rishav.chatWithMe;
				PRODUCT_NAME = "$(TARGET_NAME)";
				SWIFT_EMIT_LOC_STRINGS = YES;
				SWIFT_VERSION = 5.0;
				TARGETED_DEVICE_FAMILY = "1,2";
			};
			name = Release;
		};
/* End XCBuildConfiguration section */

/* Begin XCConfigurationList section */
		6C76467E2B76700000F68C51 /* Build configuration list for PBXProject "chatWithMe" */ = {
			isa = XCConfigurationList;
			buildConfigurations = (
				6C7646952B76700300F68C51 /* Debug */,
				6C7646962B76700300F68C51 /* Release */,
			);
			defaultConfigurationIsVisible = 0;
			defaultConfigurationName = Release;
		};
		6C7646972B76700300F68C51 /* Build configuration list for PBXNativeTarget "chatWithMe" */ = {
			isa = XCConfigurationList;
			buildConfigurations = (
				6C7646982B76700300F68C51 /* Debug */,
				6C7646992B76700300F68C51 /* Release */,
			);
			defaultConfigurationIsVisible = 0;
			defaultConfigurationName = Release;
		};
/* End XCConfigurationList section */

/* Begin XCRemoteSwiftPackageReference section */
		6C4DB99E2B8CB393003B2F21 /* XCRemoteSwiftPackageReference "firebase-ios-sdk" */ = {
			isa = XCRemoteSwiftPackageReference;
			repositoryURL = "https://github.com/firebase/firebase-ios-sdk";
			requirement = {
				kind = upToNextMajorVersion;
				minimumVersion = 10.21.0;
			};
		};
/* End XCRemoteSwiftPackageReference section */

/* Begin XCSwiftPackageProductDependency section */
		6C4DB9AB2B8CB394003B2F21 /* FirebaseAuth */ = {
			isa = XCSwiftPackageProductDependency;
			package = 6C4DB99E2B8CB393003B2F21 /* XCRemoteSwiftPackageReference "firebase-ios-sdk" */;
			productName = FirebaseAuth;
		};
		6C4DB9B72B8CB394003B2F21 /* FirebaseFirestore */ = {
			isa = XCSwiftPackageProductDependency;
			package = 6C4DB99E2B8CB393003B2F21 /* XCRemoteSwiftPackageReference "firebase-ios-sdk" */;
			productName = FirebaseFirestore;
		};
/* End XCSwiftPackageProductDependency section */
	};
	rootObject = 6C76467B2B76700000F68C51 /* Project object */;
}
